
Microsoft Visual Studio Solution File, Format Version 12.00
# Visual Studio Version 17
VisualStudioVersion = 17.0.31903.59
MinimumVisualStudioVersion = 10.0.40219.1
Project("{FAE04EC0-301F-11D3-BF4B-00C04F79EFBC}") = "PDM.Core", "src\PDM.Core\PDM.Core.csproj", "{76C2AB7D-12E6-40D6-A87E-71FF2A8F23D7}"
EndProject
Project("{FAE04EC0-301F-11D3-BF4B-00C04F79EFBC}") = "PDM.Core.Test", "tst\PDM.Core.Test\PDM.Core.Test.csproj", "{AF787EE4-BC92-421B-A90D-0E960E506FCD}"
EndProject
Global
	GlobalSection(SolutionConfigurationPlatforms) = preSolution
		Debug|Any CPU = Debug|Any CPU
		Release|Any CPU = Release|Any CPU
	EndGlobalSection
	GlobalSection(ProjectConfigurationPlatforms) = postSolution
		{76C2AB7D-12E6-40D6-A87E-71FF2A8F23D7}.Debug|Any CPU.ActiveCfg = Debug|Any CPU
		{76C2AB7D-12E6-40D6-A87E-71FF2A8F23D7}.Debug|Any CPU.Build.0 = Debug|Any CPU
		{76C2AB7D-12E6-40D6-A87E-71FF2A8F23D7}.Release|Any CPU.ActiveCfg = Release|Any CPU
		{76C2AB7D-12E6-40D6-A87E-71FF2A8F23D7}.Release|Any CPU.Build.0 = Release|Any CPU
		{AF787EE4-BC92-421B-A90D-0E960E506FCD}.Debug|Any CPU.ActiveCfg = Debug|Any CPU
		{AF787EE4-BC92-421B-A90D-0E960E506FCD}.Debug|Any CPU.Build.0 = Debug|Any CPU
		{AF787EE4-BC92-421B-A90D-0E960E506FCD}.Release|Any CPU.ActiveCfg = Release|Any CPU
		{AF787EE4-BC92-421B-A90D-0E960E506FCD}.Release|Any CPU.Build.0 = Release|Any CPU
	EndGlobalSection
	GlobalSection(SolutionProperties) = preSolution
		HideSolutionNode = FALSE
	EndGlobalSection
	GlobalSection(ExtensibilityGlobals) = postSolution
		SolutionGuid = {23D296E3-1C54-46AF-9567-DDE6D118674B}
	EndGlobalSection
EndGlobal
