
Microsoft Visual Studio Solution File, Format Version 12.00
# Visual Studio Version 17
VisualStudioVersion = 17.0.31903.59
MinimumVisualStudioVersion = 10.0.40219.1
Project("{9A19103F-16F7-4668-BE54-9A1E7A4F7556}") = "PDM.Core", "src\PDM.Core\PDM.Core.csproj", "{76C2AB7D-12E6-40D6-A87E-71FF2A8F23D7}"
EndProject
Project("{9A19103F-16F7-4668-BE54-9A1E7A4F7556}") = "PDM.Core.Test", "tst\PDM.Core.Test\PDM.Core.Test.csproj", "{AF787EE4-BC92-421B-A90D-0E960E506FCD}"
EndProject
Project("{2150E333-8FDC-42A3-9474-1A3956D46DE8}") = "Solution Items", "Solution Items", "{3CF05946-8522-4872-A299-93E2C498FE15}"
	ProjectSection(SolutionItems) = preProject
		.editorconfig = .editorconfig
		.gitignore = .gitignore
		LICENSE = LICENSE
		.github\workflows\Publish-PreRelease.yaml = .github\workflows\Publish-PreRelease.yaml
	EndProjectSection
EndProject
Project("{9A19103F-16F7-4668-BE54-9A1E7A4F7556}") = "PDM.Parser", "src\PDM.Parser\PDM.Parser.csproj", "{C0C82F43-37E8-4BEF-ACBD-4D31D41A8E22}"
EndProject
Project("{2150E333-8FDC-42A3-9474-1A3956D46DE8}") = "src", "src", "{460F91EE-7A06-4B59-AE80-9290FED6C66D}"
EndProject
Project("{2150E333-8FDC-42A3-9474-1A3956D46DE8}") = "tst", "tst", "{7214354A-8565-48C9-95F0-C18112DA8EB3}"
EndProject
Project("{9A19103F-16F7-4668-BE54-9A1E7A4F7556}") = "PDM.DefaultProviders.Test", "tst\PDM.DefaultProviders.Test\PDM.DefaultProviders.Test.csproj", "{30A85217-BD0C-4E01-A439-083CD2BD51DB}"
EndProject
Project("{9A19103F-16F7-4668-BE54-9A1E7A4F7556}") = "PDM.TestUtils", "tst\PDM.TestUtils\PDM.TestUtils.csproj", "{DA1846FB-7690-4F8F-8FCE-E0C87BC77652}"
EndProject
Project("{9A19103F-16F7-4668-BE54-9A1E7A4F7556}") = "PDM.Parser.Test", "tst\PDM.Parser.Test\PDM.Parser.Test.csproj", "{8B4E291F-4008-4546-8D5B-33057017D696}"
EndProject
Project("{FAE04EC0-301F-11D3-BF4B-00C04F79EFBC}") = "PDM.Serializer", "src\PDM.Serializer\PDM.Serializer.csproj", "{0CE91697-8525-4D78-AECE-34666C96DAA1}"
EndProject
Project("{FAE04EC0-301F-11D3-BF4B-00C04F79EFBC}") = "PDM.Serializer.Test", "tst\PDM.Serializer.Test\PDM.Serializer.Test.csproj", "{C70F1F3F-8BE9-4B11-A9DA-EB7B996F3C99}"
EndProject
Global
	GlobalSection(SolutionConfigurationPlatforms) = preSolution
		Debug|Any CPU = Debug|Any CPU
		Release|Any CPU = Release|Any CPU
	EndGlobalSection
	GlobalSection(ProjectConfigurationPlatforms) = postSolution
		{76C2AB7D-12E6-40D6-A87E-71FF2A8F23D7}.Debug|Any CPU.ActiveCfg = Debug|Any CPU
		{76C2AB7D-12E6-40D6-A87E-71FF2A8F23D7}.Debug|Any CPU.Build.0 = Debug|Any CPU
		{76C2AB7D-12E6-40D6-A87E-71FF2A8F23D7}.Release|Any CPU.ActiveCfg = Release|Any CPU
		{76C2AB7D-12E6-40D6-A87E-71FF2A8F23D7}.Release|Any CPU.Build.0 = Release|Any CPU
		{AF787EE4-BC92-421B-A90D-0E960E506FCD}.Debug|Any CPU.ActiveCfg = Debug|Any CPU
		{AF787EE4-BC92-421B-A90D-0E960E506FCD}.Debug|Any CPU.Build.0 = Debug|Any CPU
		{AF787EE4-BC92-421B-A90D-0E960E506FCD}.Release|Any CPU.ActiveCfg = Release|Any CPU
		{AF787EE4-BC92-421B-A90D-0E960E506FCD}.Release|Any CPU.Build.0 = Release|Any CPU
		{C0C82F43-37E8-4BEF-ACBD-4D31D41A8E22}.Debug|Any CPU.ActiveCfg = Debug|Any CPU
		{C0C82F43-37E8-4BEF-ACBD-4D31D41A8E22}.Debug|Any CPU.Build.0 = Debug|Any CPU
		{C0C82F43-37E8-4BEF-ACBD-4D31D41A8E22}.Release|Any CPU.ActiveCfg = Release|Any CPU
		{C0C82F43-37E8-4BEF-ACBD-4D31D41A8E22}.Release|Any CPU.Build.0 = Release|Any CPU
		{30A85217-BD0C-4E01-A439-083CD2BD51DB}.Debug|Any CPU.ActiveCfg = Debug|Any CPU
		{30A85217-BD0C-4E01-A439-083CD2BD51DB}.Debug|Any CPU.Build.0 = Debug|Any CPU
		{30A85217-BD0C-4E01-A439-083CD2BD51DB}.Release|Any CPU.ActiveCfg = Release|Any CPU
		{30A85217-BD0C-4E01-A439-083CD2BD51DB}.Release|Any CPU.Build.0 = Release|Any CPU
		{DA1846FB-7690-4F8F-8FCE-E0C87BC77652}.Debug|Any CPU.ActiveCfg = Debug|Any CPU
		{DA1846FB-7690-4F8F-8FCE-E0C87BC77652}.Debug|Any CPU.Build.0 = Debug|Any CPU
		{DA1846FB-7690-4F8F-8FCE-E0C87BC77652}.Release|Any CPU.ActiveCfg = Release|Any CPU
		{DA1846FB-7690-4F8F-8FCE-E0C87BC77652}.Release|Any CPU.Build.0 = Release|Any CPU
		{8B4E291F-4008-4546-8D5B-33057017D696}.Debug|Any CPU.ActiveCfg = Debug|Any CPU
		{8B4E291F-4008-4546-8D5B-33057017D696}.Debug|Any CPU.Build.0 = Debug|Any CPU
		{8B4E291F-4008-4546-8D5B-33057017D696}.Release|Any CPU.ActiveCfg = Release|Any CPU
		{8B4E291F-4008-4546-8D5B-33057017D696}.Release|Any CPU.Build.0 = Release|Any CPU
		{0CE91697-8525-4D78-AECE-34666C96DAA1}.Debug|Any CPU.ActiveCfg = Debug|Any CPU
		{0CE91697-8525-4D78-AECE-34666C96DAA1}.Debug|Any CPU.Build.0 = Debug|Any CPU
		{0CE91697-8525-4D78-AECE-34666C96DAA1}.Release|Any CPU.ActiveCfg = Release|Any CPU
		{0CE91697-8525-4D78-AECE-34666C96DAA1}.Release|Any CPU.Build.0 = Release|Any CPU
		{C70F1F3F-8BE9-4B11-A9DA-EB7B996F3C99}.Debug|Any CPU.ActiveCfg = Debug|Any CPU
		{C70F1F3F-8BE9-4B11-A9DA-EB7B996F3C99}.Debug|Any CPU.Build.0 = Debug|Any CPU
		{C70F1F3F-8BE9-4B11-A9DA-EB7B996F3C99}.Release|Any CPU.ActiveCfg = Release|Any CPU
		{C70F1F3F-8BE9-4B11-A9DA-EB7B996F3C99}.Release|Any CPU.Build.0 = Release|Any CPU
	EndGlobalSection
	GlobalSection(SolutionProperties) = preSolution
		HideSolutionNode = FALSE
	EndGlobalSection
	GlobalSection(NestedProjects) = preSolution
		{76C2AB7D-12E6-40D6-A87E-71FF2A8F23D7} = {460F91EE-7A06-4B59-AE80-9290FED6C66D}
		{AF787EE4-BC92-421B-A90D-0E960E506FCD} = {7214354A-8565-48C9-95F0-C18112DA8EB3}
		{C0C82F43-37E8-4BEF-ACBD-4D31D41A8E22} = {460F91EE-7A06-4B59-AE80-9290FED6C66D}
		{30A85217-BD0C-4E01-A439-083CD2BD51DB} = {7214354A-8565-48C9-95F0-C18112DA8EB3}
		{DA1846FB-7690-4F8F-8FCE-E0C87BC77652} = {7214354A-8565-48C9-95F0-C18112DA8EB3}
		{8B4E291F-4008-4546-8D5B-33057017D696} = {7214354A-8565-48C9-95F0-C18112DA8EB3}
		{0CE91697-8525-4D78-AECE-34666C96DAA1} = {460F91EE-7A06-4B59-AE80-9290FED6C66D}
		{C70F1F3F-8BE9-4B11-A9DA-EB7B996F3C99} = {7214354A-8565-48C9-95F0-C18112DA8EB3}
	EndGlobalSection
	GlobalSection(ExtensibilityGlobals) = postSolution
		SolutionGuid = {23D296E3-1C54-46AF-9567-DDE6D118674B}
	EndGlobalSection
EndGlobal
